
Microsoft Visual Studio Solution File, Format Version 12.00
# Visual Studio Version 17
VisualStudioVersion = 17.14.36623.8
MinimumVisualStudioVersion = 10.0.40219.1
Project("{2150E333-8FDC-42A3-9474-1A3956D46DE8}") = "2025", "2025", "{02EA681E-C7D8-13C7-8484-4AC65E1B71E8}"
EndProject
Project("{FAE04EC0-301F-11D3-BF4B-00C04F79EFBC}") = "Src", "2025\Src\Src.csproj", "{0B064828-0FE9-1E3C-0BC0-9A8F04715941}"
EndProject
Project("{FAE04EC0-301F-11D3-BF4B-00C04F79EFBC}") = "Test", "2025\Test\Test.csproj", "{5D86119F-4FBB-5190-DB9C-21BDFCF76F6A}"
EndProject
Global
	GlobalSection(SolutionConfigurationPlatforms) = preSolution
		Debug|Any CPU = Debug|Any CPU
		Release|Any CPU = Release|Any CPU
	EndGlobalSection
	GlobalSection(ProjectConfigurationPlatforms) = postSolution
		{0B064828-0FE9-1E3C-0BC0-9A8F04715941}.Debug|Any CPU.ActiveCfg = Debug|Any CPU
		{0B064828-0FE9-1E3C-0BC0-9A8F04715941}.Debug|Any CPU.Build.0 = Debug|Any CPU
		{0B064828-0FE9-1E3C-0BC0-9A8F04715941}.Release|Any CPU.ActiveCfg = Release|Any CPU
		{0B064828-0FE9-1E3C-0BC0-9A8F04715941}.Release|Any CPU.Build.0 = Release|Any CPU
		{5D86119F-4FBB-5190-DB9C-21BDFCF76F6A}.Debug|Any CPU.ActiveCfg = Debug|Any CPU
		{5D86119F-4FBB-5190-DB9C-21BDFCF76F6A}.Debug|Any CPU.Build.0 = Debug|Any CPU
		{5D86119F-4FBB-5190-DB9C-21BDFCF76F6A}.Release|Any CPU.ActiveCfg = Release|Any CPU
		{5D86119F-4FBB-5190-DB9C-21BDFCF76F6A}.Release|Any CPU.Build.0 = Release|Any CPU
	EndGlobalSection
	GlobalSection(SolutionProperties) = preSolution
		HideSolutionNode = FALSE
	EndGlobalSection
	GlobalSection(NestedProjects) = preSolution
		{0B064828-0FE9-1E3C-0BC0-9A8F04715941} = {02EA681E-C7D8-13C7-8484-4AC65E1B71E8}
		{5D86119F-4FBB-5190-DB9C-21BDFCF76F6A} = {02EA681E-C7D8-13C7-8484-4AC65E1B71E8}
	EndGlobalSection
	GlobalSection(ExtensibilityGlobals) = postSolution
		SolutionGuid = {A2B06DB9-FCF2-421D-95B6-56BD24CC4D68}
	EndGlobalSection
EndGlobal
